{
  "name": "miniprogram-ts-less-quickstart",
  "version": "1.0.0",
  "lockfileVersion": 1,
  "requires": true,
  "dependencies": {
    "@types/node": {
      "version": "16.10.3",
      "resolved": "https://registry.npmjs.org/@types/node/-/node-16.10.3.tgz",
      "integrity": "sha512-ho3Ruq+fFnBrZhUYI46n/bV2GjwzSkwuT4dTf0GkuNFmnb8nq4ny2z9JEVemFi6bdEJanHLlYfy9c6FN9B9McQ==",
      "dev": true
    },
    "lin-ui": {
      "version": "0.9.4",
      "resolved": "https://registry.npmjs.org/lin-ui/-/lin-ui-0.9.4.tgz",
      "integrity": "sha512-JS4U2ggpPHg9i9EKcSTO5rtFcFG+3qOL7Y8xFlrI7a3/46DLibsucz7WGIBsIvxJktzJreoS+j4tz6ZofL8/XQ=="
    }
  }
}
